// !$*UTF8*$!
{
	archiveVersion = 1;
	classes = {
	};
	objectVersion = 77;
	objects = {

/* Begin PBXContainerItemProxy section */
		4CB930B82D456BC300588AEC /* PBXContainerItemProxy */ = {
			isa = PBXContainerItemProxy;
			containerPortal = 4CB930982D456BC100588AEC /* Project object */;
			proxyType = 1;
			remoteGlobalIDString = 4CB9309F2D456BC100588AEC;
			remoteInfo = LegalOpinionApp;
		};
		4CB930C22D456BC300588AEC /* PBXContainerItemProxy */ = {
			isa = PBXContainerItemProxy;
			containerPortal = 4CB930982D456BC100588AEC /* Project object */;
			proxyType = 1;
			remoteGlobalIDString = 4CB9309F2D456BC100588AEC;
			remoteInfo = LegalOpinionApp;
		};
/* End PBXContainerItemProxy section */

/* Begin PBXFileReference section */
		4CB930A02D456BC100588AEC /* LegalOpinionApp.app */ = {isa = PBXFileReference; explicitFileType = wrapper.application; includeInIndex = 0; path = LegalOpinionApp.app; sourceTree = BUILT_PRODUCTS_DIR; };
		4CB930B72D456BC300588AEC /* LegalOpinionAppTests.xctest */ = {isa = PBXFileReference; explicitFileType = wrapper.cfbundle; includeInIndex = 0; path = LegalOpinionAppTests.xctest; sourceTree = BUILT_PRODUCTS_DIR; };
		4CB930C12D456BC300588AEC /* LegalOpinionAppUITests.xctest */ = {isa = PBXFileReference; explicitFileType = wrapper.cfbundle; includeInIndex = 0; path = LegalOpinionAppUITests.xctest; sourceTree = BUILT_PRODUCTS_DIR; };
/* End PBXFileReference section */

/* Begin PBXFileSystemSynchronizedBuildFileExceptionSet section */
		4CB930C92D456BC300588AEC /* Exceptions for "LegalOpinionApp" folder in "LegalOpinionApp" target */ = {
			isa = PBXFileSystemSynchronizedBuildFileExceptionSet;
			membershipExceptions = (
				Info.plist,
			);
			target = 4CB9309F2D456BC100588AEC /* LegalOpinionApp */;
		};
/* End PBXFileSystemSynchronizedBuildFileExceptionSet section */

/* Begin PBXFileSystemSynchronizedRootGroup section */
		4CB930A22D456BC100588AEC /* LegalOpinionApp */ = {
			isa = PBXFileSystemSynchronizedRootGroup;
			exceptions = (
				4CB930C92D456BC300588AEC /* Exceptions for "LegalOpinionApp" folder in "LegalOpinionApp" target */,
			);
			path = LegalOpinionApp;
			sourceTree = "<group>";
		};
		4CB930BA2D456BC300588AEC /* LegalOpinionAppTests */ = {
			isa = PBXFileSystemSynchronizedRootGroup;
			path = LegalOpinionAppTests;
			sourceTree = "<group>";
		};
		4CB930C42D456BC300588AEC /* LegalOpinionAppUITests */ = {
			isa = PBXFileSystemSynchronizedRootGroup;
			path = LegalOpinionAppUITests;
			sourceTree = "<group>";
		};
/* End PBXFileSystemSynchronizedRootGroup section */

/* Begin PBXFrameworksBuildPhase section */
		4CB9309D2D456BC100588AEC /* Frameworks */ = {
			isa = PBXFrameworksBuildPhase;
			buildActionMask = 2147483647;
			files = (
			);
			runOnlyForDeploymentPostprocessing = 0;
		};
		4CB930B42D456BC300588AEC /* Frameworks */ = {
			isa = PBXFrameworksBuildPhase;
			buildActionMask = 2147483647;
			files = (
			);
			runOnlyForDeploymentPostprocessing = 0;
		};
		4CB930BE2D456BC300588AEC /* Frameworks */ = {
			isa = PBXFrameworksBuildPhase;
			buildActionMask = 2147483647;
			files = (
			);
			runOnlyForDeploymentPostprocessing = 0;
		};
/* End PBXFrameworksBuildPhase section */

/* Begin PBXGroup section */
		4CB930972D456BC100588AEC = {
			isa = PBXGroup;
			children = (
				4CB930A22D456BC100588AEC /* LegalOpinionApp */,
				4CB930BA2D456BC300588AEC /* LegalOpinionAppTests */,
				4CB930C42D456BC300588AEC /* LegalOpinionAppUITests */,
				4CB930A12D456BC100588AEC /* Products */,
			);
			sourceTree = "<group>";
		};
		4CB930A12D456BC100588AEC /* Products */ = {
			isa = PBXGroup;
			children = (
				4CB930A02D456BC100588AEC /* LegalOpinionApp.app */,
				4CB930B72D456BC300588AEC /* LegalOpinionAppTests.xctest */,
				4CB930C12D456BC300588AEC /* LegalOpinionAppUITests.xctest */,
			);
			name = Products;
			sourceTree = "<group>";
		};
/* End PBXGroup section */

/* Begin PBXNativeTarget section */
		4CB9309F2D456BC100588AEC /* LegalOpinionApp */ = {
			isa = PBXNativeTarget;
			buildConfigurationList = 4CB930CA2D456BC300588AEC /* Build configuration list for PBXNativeTarget "LegalOpinionApp" */;
			buildPhases = (
				4CB9309C2D456BC100588AEC /* Sources */,
				4CB9309D2D456BC100588AEC /* Frameworks */,
				4CB9309E2D456BC100588AEC /* Resources */,
			);
			buildRules = (
			);
			dependencies = (
			);
			fileSystemSynchronizedGroups = (
				4CB930A22D456BC100588AEC /* LegalOpinionApp */,
			);
			name = LegalOpinionApp;
			packageProductDependencies = (
			);
			productName = LegalOpinionApp;
			productReference = 4CB930A02D456BC100588AEC /* LegalOpinionApp.app */;
			productType = "com.apple.product-type.application";
		};
		4CB930B62D456BC300588AEC /* LegalOpinionAppTests */ = {
			isa = PBXNativeTarget;
			buildConfigurationList = 4CB930CF2D456BC300588AEC /* Build configuration list for PBXNativeTarget "LegalOpinionAppTests" */;
			buildPhases = (
				4CB930B32D456BC300588AEC /* Sources */,
				4CB930B42D456BC300588AEC /* Frameworks */,
				4CB930B52D456BC300588AEC /* Resources */,
			);
			buildRules = (
			);
			dependencies = (
				4CB930B92D456BC300588AEC /* PBXTargetDependency */,
			);
			fileSystemSynchronizedGroups = (
				4CB930BA2D456BC300588AEC /* LegalOpinionAppTests */,
			);
			name = LegalOpinionAppTests;
			packageProductDependencies = (
			);
			productName = LegalOpinionAppTests;
			productReference = 4CB930B72D456BC300588AEC /* LegalOpinionAppTests.xctest */;
			productType = "com.apple.product-type.bundle.unit-test";
		};
		4CB930C02D456BC300588AEC /* LegalOpinionAppUITests */ = {
			isa = PBXNativeTarget;
			buildConfigurationList = 4CB930D22D456BC300588AEC /* Build configuration list for PBXNativeTarget "LegalOpinionAppUITests" */;
			buildPhases = (
				4CB930BD2D456BC300588AEC /* Sources */,
				4CB930BE2D456BC300588AEC /* Frameworks */,
				4CB930BF2D456BC300588AEC /* Resources */,
			);
			buildRules = (
			);
			dependencies = (
				4CB930C32D456BC300588AEC /* PBXTargetDependency */,
			);
			fileSystemSynchronizedGroups = (
				4CB930C42D456BC300588AEC /* LegalOpinionAppUITests */,
			);
			name = LegalOpinionAppUITests;
			packageProductDependencies = (
			);
			productName = LegalOpinionAppUITests;
			productReference = 4CB930C12D456BC300588AEC /* LegalOpinionAppUITests.xctest */;
			productType = "com.apple.product-type.bundle.ui-testing";
		};
/* End PBXNativeTarget section */

/* Begin PBXProject section */
		4CB930982D456BC100588AEC /* Project object */ = {
			isa = PBXProject;
			attributes = {
				BuildIndependentTargetsInParallel = 1;
				LastSwiftUpdateCheck = 1620;
				LastUpgradeCheck = 1620;
				TargetAttributes = {
					4CB9309F2D456BC100588AEC = {
						CreatedOnToolsVersion = 16.2;
					};
					4CB930B62D456BC300588AEC = {
						CreatedOnToolsVersion = 16.2;
						TestTargetID = 4CB9309F2D456BC100588AEC;
					};
					4CB930C02D456BC300588AEC = {
						CreatedOnToolsVersion = 16.2;
						TestTargetID = 4CB9309F2D456BC100588AEC;
					};
				};
			};
			buildConfigurationList = 4CB9309B2D456BC100588AEC /* Build configuration list for PBXProject "LegalOpinionApp" */;
			developmentRegion = en;
			hasScannedForEncodings = 0;
			knownRegions = (
				en,
				Base,
			);
			mainGroup = 4CB930972D456BC100588AEC;
			minimizedProjectReferenceProxies = 1;
			preferredProjectObjectVersion = 77;
			productRefGroup = 4CB930A12D456BC100588AEC /* Products */;
			projectDirPath = "";
			projectRoot = "";
			targets = (
				4CB9309F2D456BC100588AEC /* LegalOpinionApp */,
				4CB930B62D456BC300588AEC /* LegalOpinionAppTests */,
				4CB930C02D456BC300588AEC /* LegalOpinionAppUITests */,
			);
		};
/* End PBXProject section */

/* Begin PBXResourcesBuildPhase section */
		4CB9309E2D456BC100588AEC /* Resources */ = {
			isa = PBXResourcesBuildPhase;
			buildActionMask = 2147483647;
			files = (
			);
			runOnlyForDeploymentPostprocessing = 0;
		};
		4CB930B52D456BC300588AEC /* Resources */ = {
			isa = PBXResourcesBuildPhase;
			buildActionMask = 2147483647;
			files = (
			);
			runOnlyForDeploymentPostprocessing = 0;
		};
		4CB930BF2D456BC300588AEC /* Resources */ = {
			isa = PBXResourcesBuildPhase;
			buildActionMask = 2147483647;
			files = (
			);
			runOnlyForDeploymentPostprocessing = 0;
		};
/* End PBXResourcesBuildPhase section */

/* Begin PBXSourcesBuildPhase section */
		4CB9309C2D456BC100588AEC /* Sources */ = {
			isa = PBXSourcesBuildPhase;
			buildActionMask = 2147483647;
			files = (
			);
			runOnlyForDeploymentPostprocessing = 0;
		};
		4CB930B32D456BC300588AEC /* Sources */ = {
			isa = PBXSourcesBuildPhase;
			buildActionMask = 2147483647;
			files = (
			);
			runOnlyForDeploymentPostprocessing = 0;
		};
		4CB930BD2D456BC300588AEC /* Sources */ = {
			isa = PBXSourcesBuildPhase;
			buildActionMask = 2147483647;
			files = (
			);
			runOnlyForDeploymentPostprocessing = 0;
		};
/* End PBXSourcesBuildPhase section */

/* Begin PBXTargetDependency section */
		4CB930B92D456BC300588AEC /* PBXTargetDependency */ = {
			isa = PBXTargetDependency;
			target = 4CB9309F2D456BC100588AEC /* LegalOpinionApp */;
			targetProxy = 4CB930B82D456BC300588AEC /* PBXContainerItemProxy */;
		};
		4CB930C32D456BC300588AEC /* PBXTargetDependency */ = {
			isa = PBXTargetDependency;
			target = 4CB9309F2D456BC100588AEC /* LegalOpinionApp */;
			targetProxy = 4CB930C22D456BC300588AEC /* PBXContainerItemProxy */;
		};
/* End PBXTargetDependency section */

/* Begin XCBuildConfiguration section */
		4CB930CB2D456BC300588AEC /* Debug */ = {
			isa = XCBuildConfiguration;
			buildSettings = {
				ASSETCATALOG_COMPILER_APPICON_NAME = AppIcon;
				ASSETCATALOG_COMPILER_GLOBAL_ACCENT_COLOR_NAME = AccentColor;
				CODE_SIGN_ENTITLEMENTS = LegalOpinionApp/LegalOpinionApp.entitlements;
				CODE_SIGN_STYLE = Automatic;
				CURRENT_PROJECT_VERSION = 1;
				DEVELOPMENT_ASSET_PATHS = "\"LegalOpinionApp/Preview Content\"";
				DEVELOPMENT_TEAM = 3DAS6U3CBA;
				ENABLE_PREVIEWS = YES;
				GENERATE_INFOPLIST_FILE = YES;
				INFOPLIST_FILE = LegalOpinionApp/Info.plist;
				INFOPLIST_KEY_UIApplicationSceneManifest_Generation = YES;
				INFOPLIST_KEY_UIApplicationSupportsIndirectInputEvents = YES;
				INFOPLIST_KEY_UILaunchScreen_Generation = YES;
				INFOPLIST_KEY_UISupportedInterfaceOrientations_iPad = "UIInterfaceOrientationPortrait UIInterfaceOrientationPortraitUpsideDown UIInterfaceOrientationLandscapeLeft UIInterfaceOrientationLandscapeRight";
				INFOPLIST_KEY_UISupportedInterfaceOrientations_iPhone = "UIInterfaceOrientationPortrait UIInterfaceOrientationLandscapeLeft UIInterfaceOrientationLandscapeRight";
				LD_RUNPATH_SEARCH_PATHS = (
					"$(inherited)",
					"@executable_path/Frameworks",
				);
				MARKETING_VERSION = 1.0;
				PRODUCT_BUNDLE_IDENTIFIER = com.aimqwest.legalopinionapp.LegalOpinionApp;
				PRODUCT_NAME = "$(TARGET_NAME)";
				SWIFT_EMIT_LOC_STRINGS = YES;
				SWIFT_VERSION = 5.0;
				TARGETED_DEVICE_FAMILY = "1,2";
			};
			name = Debug;
		};
		4CB930CC2D456BC300588AEC /* Release */ = {
			isa = XCBuildConfiguration;
			buildSettings = {
				ASSETCATALOG_COMPILER_APPICON_NAME = AppIcon;
				ASSETCATALOG_COMPILER_GLOBAL_ACCENT_COLOR_NAME = AccentColor;
				CODE_SIGN_ENTITLEMENTS = LegalOpinionApp/LegalOpinionApp.entitlements;
				CODE_SIGN_STYLE = Automatic;
				CURRENT_PROJECT_VERSION = 1;
				DEVELOPMENT_ASSET_PATHS = "\"LegalOpinionApp/Preview Content\"";
				DEVELOPMENT_TEAM = 3DAS6U3CBA;
				ENABLE_PREVIEWS = YES;
				GENERATE_INFOPLIST_FILE = YES;
				INFOPLIST_FILE = LegalOpinionApp/Info.plist;
				INFOPLIST_KEY_UIApplicationSceneManifest_Generation = YES;
				INFOPLIST_KEY_UIApplicationSupportsIndirectInputEvents = YES;
				INFOPLIST_KEY_UILaunchScreen_Generation = YES;
				INFOPLIST_KEY_UISupportedInterfaceOrientations_iPad = "UIInterfaceOrientationPortrait UIInterfaceOrientationPortraitUpsideDown UIInterfaceOrientationLandscapeLeft UIInterfaceOrientationLandscapeRight";
				INFOPLIST_KEY_UISupportedInterfaceOrientations_iPhone = "UIInterfaceOrientationPortrait UIInterfaceOrientationLandscapeLeft UIInterfaceOrientationLandscapeRight";
				LD_RUNPATH_SEARCH_PATHS = (
					"$(inherited)",
					"@executable_path/Frameworks",
				);
				MARKETING_VERSION = 1.0;
				PRODUCT_BUNDLE_IDENTIFIER = com.aimqwest.legalopinionapp.LegalOpinionApp;
				PRODUCT_NAME = "$(TARGET_NAME)";
				SWIFT_EMIT_LOC_STRINGS = YES;
				SWIFT_VERSION = 5.0;
				TARGETED_DEVICE_FAMILY = "1,2";
			};
			name = Release;
		};
		4CB930CD2D456BC300588AEC /* Debug */ = {
			isa = XCBuildConfiguration;
			buildSettings = {
				ALWAYS_SEARCH_USER_PATHS = NO;
				ASSETCATALOG_COMPILER_GENERATE_SWIFT_ASSET_SYMBOL_EXTENSIONS = YES;
				CLANG_ANALYZER_NONNULL = YES;
				CLANG_ANALYZER_NUMBER_OBJECT_CONVERSION = YES_AGGRESSIVE;
				CLANG_CXX_LANGUAGE_STANDARD = "gnu++20";
				CLANG_ENABLE_MODULES = YES;
				CLANG_ENABLE_OBJC_ARC = YES;
				CLANG_ENABLE_OBJC_WEAK = YES;
				CLANG_WARN_BLOCK_CAPTURE_AUTORELEASING = YES;
				CLANG_WARN_BOOL_CONVERSION = YES;
				CLANG_WARN_COMMA = YES;
				CLANG_WARN_CONSTANT_CONVERSION = YES;
				CLANG_WARN_DEPRECATED_OBJC_IMPLEMENTATIONS = YES;
				CLANG_WARN_DIRECT_OBJC_ISA_USAGE = YES_ERROR;
				CLANG_WARN_DOCUMENTATION_COMMENTS = YES;
				CLANG_WARN_EMPTY_BODY = YES;
				CLANG_WARN_ENUM_CONVERSION = YES;
				CLANG_WARN_INFINITE_RECURSION = YES;
				CLANG_WARN_INT_CONVERSION = YES;
				CLANG_WARN_NON_LITERAL_NULL_CONVERSION = YES;
				CLANG_WARN_OBJC_IMPLICIT_RETAIN_SELF = YES;
				CLANG_WARN_OBJC_LITERAL_CONVERSION = YES;
				CLANG_WARN_OBJC_ROOT_CLASS = YES_ERROR;
				CLANG_WARN_QUOTED_INCLUDE_IN_FRAMEWORK_HEADER = YES;
				CLANG_WARN_RANGE_LOOP_ANALYSIS = YES;
				CLANG_WARN_STRICT_PROTOTYPES = YES;
				CLANG_WARN_SUSPICIOUS_MOVE = YES;
				CLANG_WARN_UNGUARDED_AVAILABILITY = YES_AGGRESSIVE;
				CLANG_WARN_UNREACHABLE_CODE = YES;
				CLANG_WARN__DUPLICATE_METHOD_MATCH = YES;
				COPY_PHASE_STRIP = NO;
				DEBUG_INFORMATION_FORMAT = dwarf;
				ENABLE_STRICT_OBJC_MSGSEND = YES;
				ENABLE_TESTABILITY = YES;
				ENABLE_USER_SCRIPT_SANDBOXING = YES;
				GCC_C_LANGUAGE_STANDARD = gnu17;
				GCC_DYNAMIC_NO_PIC = NO;
				GCC_NO_COMMON_BLOCKS = YES;
				GCC_OPTIMIZATION_LEVEL = 0;
				GCC_PREPROCESSOR_DEFINITIONS = (
					"DEBUG=1",
					"$(inherited)",
				);
				GCC_WARN_64_TO_32_BIT_CONVERSION = YES;
				GCC_WARN_ABOUT_RETURN_TYPE = YES_ERROR;
				GCC_WARN_UNDECLARED_SELECTOR = YES;
				GCC_WARN_UNINITIALIZED_AUTOS = YES_AGGRESSIVE;
				GCC_WARN_UNUSED_FUNCTION = YES;
				GCC_WARN_UNUSED_VARIABLE = YES;
				IPHONEOS_DEPLOYMENT_TARGET = 18.2;
				LOCALIZATION_PREFERS_STRING_CATALOGS = YES;
				MTL_ENABLE_DEBUG_INFO = INCLUDE_SOURCE;
				MTL_FAST_MATH = YES;
				ONLY_ACTIVE_ARCH = YES;
				SDKROOT = iphoneos;
				SWIFT_ACTIVE_COMPILATION_CONDITIONS = "DEBUG $(inherited)";
				SWIFT_OPTIMIZATION_LEVEL = "-Onone";
			};
			name = Debug;
		};
		4CB930CE2D456BC300588AEC /* Release */ = {
			isa = XCBuildConfiguration;
			buildSettings = {
				ALWAYS_SEARCH_USER_PATHS = NO;
				ASSETCATALOG_COMPILER_GENERATE_SWIFT_ASSET_SYMBOL_EXTENSIONS = YES;
				CLANG_ANALYZER_NONNULL = YES;
				CLANG_ANALYZER_NUMBER_OBJECT_CONVERSION = YES_AGGRESSIVE;
				CLANG_CXX_LANGUAGE_STANDARD = "gnu++20";
				CLANG_ENABLE_MODULES = YES;
				CLANG_ENABLE_OBJC_ARC = YES;
				CLANG_ENABLE_OBJC_WEAK = YES;
				CLANG_WARN_BLOCK_CAPTURE_AUTORELEASING = YES;
				CLANG_WARN_BOOL_CONVERSION = YES;
				CLANG_WARN_COMMA = YES;
				CLANG_WARN_CONSTANT_CONVERSION = YES;
				CLANG_WARN_DEPRECATED_OBJC_IMPLEMENTATIONS = YES;
				CLANG_WARN_DIRECT_OBJC_ISA_USAGE = YES_ERROR;
				CLANG_WARN_DOCUMENTATION_COMMENTS = YES;
				CLANG_WARN_EMPTY_BODY = YES;
				CLANG_WARN_ENUM_CONVERSION = YES;
				CLANG_WARN_INFINITE_RECURSION = YES;
				CLANG_WARN_INT_CONVERSION = YES;
				CLANG_WARN_NON_LITERAL_NULL_CONVERSION = YES;
				CLANG_WARN_OBJC_IMPLICIT_RETAIN_SELF = YES;
				CLANG_WARN_OBJC_LITERAL_CONVERSION = YES;
				CLANG_WARN_OBJC_ROOT_CLASS = YES_ERROR;
				CLANG_WARN_QUOTED_INCLUDE_IN_FRAMEWORK_HEADER = YES;
				CLANG_WARN_RANGE_LOOP_ANALYSIS = YES;
				CLANG_WARN_STRICT_PROTOTYPES = YES;
				CLANG_WARN_SUSPICIOUS_MOVE = YES;
				CLANG_WARN_UNGUARDED_AVAILABILITY = YES_AGGRESSIVE;
				CLANG_WARN_UNREACHABLE_CODE = YES;
				CLANG_WARN__DUPLICATE_METHOD_MATCH = YES;
				COPY_PHASE_STRIP = NO;
				DEBUG_INFORMATION_FORMAT = "dwarf-with-dsym";
				ENABLE_NS_ASSERTIONS = NO;
				ENABLE_STRICT_OBJC_MSGSEND = YES;
				ENABLE_USER_SCRIPT_SANDBOXING = YES;
				GCC_C_LANGUAGE_STANDARD = gnu17;
				GCC_NO_COMMON_BLOCKS = YES;
				GCC_WARN_64_TO_32_BIT_CONVERSION = YES;
				GCC_WARN_ABOUT_RETURN_TYPE = YES_ERROR;
				GCC_WARN_UNDECLARED_SELECTOR = YES;
				GCC_WARN_UNINITIALIZED_AUTOS = YES_AGGRESSIVE;
				GCC_WARN_UNUSED_FUNCTION = YES;
				GCC_WARN_UNUSED_VARIABLE = YES;
				IPHONEOS_DEPLOYMENT_TARGET = 18.2;
				LOCALIZATION_PREFERS_STRING_CATALOGS = YES;
				MTL_ENABLE_DEBUG_INFO = NO;
				MTL_FAST_MATH = YES;
				SDKROOT = iphoneos;
				SWIFT_COMPILATION_MODE = wholemodule;
				VALIDATE_PRODUCT = YES;
			};
			name = Release;
		};
		4CB930D02D456BC300588AEC /* Debug */ = {
			isa = XCBuildConfiguration;
			buildSettings = {
				BUNDLE_LOADER = "$(TEST_HOST)";
				CODE_SIGN_STYLE = Automatic;
				CURRENT_PROJECT_VERSION = 1;
				DEVELOPMENT_TEAM = 3DAS6U3CBA;
				GENERATE_INFOPLIST_FILE = YES;
				IPHONEOS_DEPLOYMENT_TARGET = 18.2;
				MARKETING_VERSION = 1.0;
				PRODUCT_BUNDLE_IDENTIFIER = com.aimqwest.legalopinionapp.LegalOpinionAppTests;
				PRODUCT_NAME = "$(TARGET_NAME)";
				SWIFT_EMIT_LOC_STRINGS = NO;
				SWIFT_VERSION = 5.0;
				TARGETED_DEVICE_FAMILY = "1,2";
				TEST_HOST = "$(BUILT_PRODUCTS_DIR)/LegalOpinionApp.app/$(BUNDLE_EXECUTABLE_FOLDER_PATH)/LegalOpinionApp";
			};
			name = Debug;
		};
		4CB930D12D456BC300588AEC /* Release */ = {
			isa = XCBuildConfiguration;
			buildSettings = {
				BUNDLE_LOADER = "$(TEST_HOST)";
				CODE_SIGN_STYLE = Automatic;
				CURRENT_PROJECT_VERSION = 1;
				DEVELOPMENT_TEAM = 3DAS6U3CBA;
				GENERATE_INFOPLIST_FILE = YES;
				IPHONEOS_DEPLOYMENT_TARGET = 18.2;
				MARKETING_VERSION = 1.0;
				PRODUCT_BUNDLE_IDENTIFIER = com.aimqwest.legalopinionapp.LegalOpinionAppTests;
				PRODUCT_NAME = "$(TARGET_NAME)";
				SWIFT_EMIT_LOC_STRINGS = NO;
				SWIFT_VERSION = 5.0;
				TARGETED_DEVICE_FAMILY = "1,2";
				TEST_HOST = "$(BUILT_PRODUCTS_DIR)/LegalOpinionApp.app/$(BUNDLE_EXECUTABLE_FOLDER_PATH)/LegalOpinionApp";
			};
			name = Release;
		};
		4CB930D32D456BC300588AEC /* Debug */ = {
			isa = XCBuildConfiguration;
			buildSettings = {
				CODE_SIGN_STYLE = Automatic;
				CURRENT_PROJECT_VERSION = 1;
				DEVELOPMENT_TEAM = 3DAS6U3CBA;
				GENERATE_INFOPLIST_FILE = YES;
				MARKETING_VERSION = 1.0;
				PRODUCT_BUNDLE_IDENTIFIER = com.aimqwest.legalopinionapp.LegalOpinionAppUITests;
				PRODUCT_NAME = "$(TARGET_NAME)";
				SWIFT_EMIT_LOC_STRINGS = NO;
				SWIFT_VERSION = 5.0;
				TARGETED_DEVICE_FAMILY = "1,2";
				TEST_TARGET_NAME = LegalOpinionApp;
			};
			name = Debug;
		};
		4CB930D42D456BC300588AEC /* Release */ = {
			isa = XCBuildConfiguration;
			buildSettings = {
				CODE_SIGN_STYLE = Automatic;
				CURRENT_PROJECT_VERSION = 1;
				DEVELOPMENT_TEAM = 3DAS6U3CBA;
				GENERATE_INFOPLIST_FILE = YES;
				MARKETING_VERSION = 1.0;
				PRODUCT_BUNDLE_IDENTIFIER = com.aimqwest.legalopinionapp.LegalOpinionAppUITests;
				PRODUCT_NAME = "$(TARGET_NAME)";
				SWIFT_EMIT_LOC_STRINGS = NO;
				SWIFT_VERSION = 5.0;
				TARGETED_DEVICE_FAMILY = "1,2";
				TEST_TARGET_NAME = LegalOpinionApp;
			};
			name = Release;
		};
/* End XCBuildConfiguration section */

/* Begin XCConfigurationList section */
		4CB9309B2D456BC100588AEC /* Build configuration list for PBXProject "LegalOpinionApp" */ = {
			isa = XCConfigurationList;
			buildConfigurations = (
				4CB930CD2D456BC300588AEC /* Debug */,
				4CB930CE2D456BC300588AEC /* Release */,
			);
			defaultConfigurationIsVisible = 0;
			defaultConfigurationName = Release;
		};
		4CB930CA2D456BC300588AEC /* Build configuration list for PBXNativeTarget "LegalOpinionApp" */ = {
			isa = XCConfigurationList;
			buildConfigurations = (
				4CB930CB2D456BC300588AEC /* Debug */,
				4CB930CC2D456BC300588AEC /* Release */,
			);
			defaultConfigurationIsVisible = 0;
			defaultConfigurationName = Release;
		};
		4CB930CF2D456BC300588AEC /* Build configuration list for PBXNativeTarget "LegalOpinionAppTests" */ = {
			isa = XCConfigurationList;
			buildConfigurations = (
				4CB930D02D456BC300588AEC /* Debug */,
				4CB930D12D456BC300588AEC /* Release */,
			);
			defaultConfigurationIsVisible = 0;
			defaultConfigurationName = Release;
		};
		4CB930D22D456BC300588AEC /* Build configuration list for PBXNativeTarget "LegalOpinionAppUITests" */ = {
			isa = XCConfigurationList;
			buildConfigurations = (
				4CB930D32D456BC300588AEC /* Debug */,
				4CB930D42D456BC300588AEC /* Release */,
			);
			defaultConfigurationIsVisible = 0;
			defaultConfigurationName = Release;
		};
/* End XCConfigurationList section */
	};
	rootObject = 4CB930982D456BC100588AEC /* Project object */;
}
